
Microsoft Visual Studio Solution File, Format Version 12.00
# Visual Studio 15
VisualStudioVersion = 15.0.27703.2042
MinimumVisualStudioVersion = 10.0.40219.1
Project("{8BC9CEB8-8B4A-11D0-8D11-00A0C91BC942}") = "AVGMakerStarter", "AVGMakerStarter\AVGMakerStarter.vcxproj", "{BDE7CB30-5840-4F9E-8867-A133E3368FC3}"
EndProject
Project("{8BC9CEB8-8B4A-11D0-8D11-00A0C91BC942}") = "Creater", "Creater\Creater.vcxproj", "{CE229F53-2E75-4E4D-864B-89583C9D62CF}"
EndProject
Global
	GlobalSection(SolutionConfigurationPlatforms) = preSolution
		Debug|x64 = Debug|x64
		Debug|x86 = Debug|x86
		Release|x64 = Release|x64
		Release|x86 = Release|x86
	EndGlobalSection
	GlobalSection(ProjectConfigurationPlatforms) = postSolution
		{BDE7CB30-5840-4F9E-8867-A133E3368FC3}.Debug|x64.ActiveCfg = Debug|x64
		{BDE7CB30-5840-4F9E-8867-A133E3368FC3}.Debug|x64.Build.0 = Debug|x64
		{BDE7CB30-5840-4F9E-8867-A133E3368FC3}.Debug|x86.ActiveCfg = Debug|Win32
		{BDE7CB30-5840-4F9E-8867-A133E3368FC3}.Debug|x86.Build.0 = Debug|Win32
		{BDE7CB30-5840-4F9E-8867-A133E3368FC3}.Release|x64.ActiveCfg = Release|x64
		{BDE7CB30-5840-4F9E-8867-A133E3368FC3}.Release|x64.Build.0 = Release|x64
		{BDE7CB30-5840-4F9E-8867-A133E3368FC3}.Release|x86.ActiveCfg = Release|Win32
		{BDE7CB30-5840-4F9E-8867-A133E3368FC3}.Release|x86.Build.0 = Release|Win32
		{CE229F53-2E75-4E4D-864B-89583C9D62CF}.Debug|x64.ActiveCfg = Debug|x64
		{CE229F53-2E75-4E4D-864B-89583C9D62CF}.Debug|x64.Build.0 = Debug|x64
		{CE229F53-2E75-4E4D-864B-89583C9D62CF}.Debug|x86.ActiveCfg = Debug|Win32
		{CE229F53-2E75-4E4D-864B-89583C9D62CF}.Debug|x86.Build.0 = Debug|Win32
		{CE229F53-2E75-4E4D-864B-89583C9D62CF}.Release|x64.ActiveCfg = Release|x64
		{CE229F53-2E75-4E4D-864B-89583C9D62CF}.Release|x64.Build.0 = Release|x64
		{CE229F53-2E75-4E4D-864B-89583C9D62CF}.Release|x86.ActiveCfg = Release|Win32
		{CE229F53-2E75-4E4D-864B-89583C9D62CF}.Release|x86.Build.0 = Release|Win32
	EndGlobalSection
	GlobalSection(SolutionProperties) = preSolution
		HideSolutionNode = FALSE
	EndGlobalSection
	GlobalSection(ExtensibilityGlobals) = postSolution
		SolutionGuid = {5F270096-F8A9-4489-964B-3D95FE409DA9}
	EndGlobalSection
EndGlobal
